
Microsoft Visual Studio Solution File, Format Version 12.00
# Visual Studio Version 17
VisualStudioVersion = 17.4.33213.308
MinimumVisualStudioVersion = 10.0.40219.1
Project("{FAE04EC0-301F-11D3-BF4B-00C04F79EFBC}") = "EjercicioN2", "EjercicioN2\EjercicioN2.csproj", "{CAC630A1-5BDF-41A9-B76C-1B1CA2D576E5}"
EndProject
Global
	GlobalSection(SolutionConfigurationPlatforms) = preSolution
		Debug|Any CPU = Debug|Any CPU
		Release|Any CPU = Release|Any CPU
	EndGlobalSection
	GlobalSection(ProjectConfigurationPlatforms) = postSolution
		{CAC630A1-5BDF-41A9-B76C-1B1CA2D576E5}.Debug|Any CPU.ActiveCfg = Debug|Any CPU
		{CAC630A1-5BDF-41A9-B76C-1B1CA2D576E5}.Debug|Any CPU.Build.0 = Debug|Any CPU
		{CAC630A1-5BDF-41A9-B76C-1B1CA2D576E5}.Release|Any CPU.ActiveCfg = Release|Any CPU
		{CAC630A1-5BDF-41A9-B76C-1B1CA2D576E5}.Release|Any CPU.Build.0 = Release|Any CPU
	EndGlobalSection
	GlobalSection(SolutionProperties) = preSolution
		HideSolutionNode = FALSE
	EndGlobalSection
	GlobalSection(ExtensibilityGlobals) = postSolution
		SolutionGuid = {75F265A6-5EDB-4212-BE12-DD2E4F11B3A5}
	EndGlobalSection
EndGlobal
